// !$*UTF8*$!
{
	archiveVersion = 1;
	classes = {
	};
	objectVersion = 46;
	objects = {

/* Begin PBXBuildFile section */
		2D18EF66197B19F900E3E3A2 /* AppDelegate.swift in Sources */ = {isa = PBXBuildFile; fileRef = 2D18EF65197B19F900E3E3A2 /* AppDelegate.swift */; };
		2D18EF68197B19F900E3E3A2 /* ViewController.swift in Sources */ = {isa = PBXBuildFile; fileRef = 2D18EF67197B19F900E3E3A2 /* ViewController.swift */; };
		2D18EF6B197B19F900E3E3A2 /* Main.storyboard in Resources */ = {isa = PBXBuildFile; fileRef = 2D18EF69197B19F900E3E3A2 /* Main.storyboard */; };
		2D18EF6D197B19F900E3E3A2 /* Images.xcassets in Resources */ = {isa = PBXBuildFile; fileRef = 2D18EF6C197B19F900E3E3A2 /* Images.xcassets */; };
		2D18EF79197B19F900E3E3A2 /* SunspiderTests.swift in Sources */ = {isa = PBXBuildFile; fileRef = 2D18EF78197B19F900E3E3A2 /* SunspiderTests.swift */; };
		2D18EF83197B1B5300E3E3A2 /* OldTestViewController.swift in Sources */ = {isa = PBXBuildFile; fileRef = 2D18EF82197B1B5300E3E3A2 /* OldTestViewController.swift */; };
		2D18EF85197B1B5D00E3E3A2 /* NewTestViewController.swift in Sources */ = {isa = PBXBuildFile; fileRef = 2D18EF84197B1B5D00E3E3A2 /* NewTestViewController.swift */; };
/* End PBXBuildFile section */

/* Begin PBXContainerItemProxy section */
		2D18EF73197B19F900E3E3A2 /* PBXContainerItemProxy */ = {
			isa = PBXContainerItemProxy;
			containerPortal = 2D18EF58197B19F800E3E3A2 /* Project object */;
			proxyType = 1;
			remoteGlobalIDString = 2D18EF5F197B19F900E3E3A2;
			remoteInfo = Sunspider;
		};
/* End PBXContainerItemProxy section */

/* Begin PBXFileReference section */
		2D18EF60197B19F900E3E3A2 /* Sunspider.app */ = {isa = PBXFileReference; explicitFileType = wrapper.application; includeInIndex = 0; path = Sunspider.app; sourceTree = BUILT_PRODUCTS_DIR; };
		2D18EF64197B19F900E3E3A2 /* Info.plist */ = {isa = PBXFileReference; lastKnownFileType = text.plist.xml; path = Info.plist; sourceTree = "<group>"; };
		2D18EF65197B19F900E3E3A2 /* AppDelegate.swift */ = {isa = PBXFileReference; lastKnownFileType = sourcecode.swift; path = AppDelegate.swift; sourceTree = "<group>"; };
		2D18EF67197B19F900E3E3A2 /* ViewController.swift */ = {isa = PBXFileReference; lastKnownFileType = sourcecode.swift; path = ViewController.swift; sourceTree = "<group>"; };
		2D18EF6A197B19F900E3E3A2 /* Base */ = {isa = PBXFileReference; lastKnownFileType = file.storyboard; name = Base; path = Base.lproj/Main.storyboard; sourceTree = "<group>"; };
		2D18EF6C197B19F900E3E3A2 /* Images.xcassets */ = {isa = PBXFileReference; lastKnownFileType = folder.assetcatalog; path = Images.xcassets; sourceTree = "<group>"; };
		2D18EF72197B19F900E3E3A2 /* SunspiderTests.xctest */ = {isa = PBXFileReference; explicitFileType = wrapper.cfbundle; includeInIndex = 0; path = SunspiderTests.xctest; sourceTree = BUILT_PRODUCTS_DIR; };
		2D18EF77197B19F900E3E3A2 /* Info.plist */ = {isa = PBXFileReference; lastKnownFileType = text.plist.xml; path = Info.plist; sourceTree = "<group>"; };
		2D18EF78197B19F900E3E3A2 /* SunspiderTests.swift */ = {isa = PBXFileReference; lastKnownFileType = sourcecode.swift; path = SunspiderTests.swift; sourceTree = "<group>"; };
		2D18EF82197B1B5300E3E3A2 /* OldTestViewController.swift */ = {isa = PBXFileReference; fileEncoding = 4; lastKnownFileType = sourcecode.swift; path = OldTestViewController.swift; sourceTree = "<group>"; };
		2D18EF84197B1B5D00E3E3A2 /* NewTestViewController.swift */ = {isa = PBXFileReference; fileEncoding = 4; lastKnownFileType = sourcecode.swift; path = NewTestViewController.swift; sourceTree = "<group>"; };
/* End PBXFileReference section */

/* Begin PBXFrameworksBuildPhase section */
		2D18EF5D197B19F900E3E3A2 /* Frameworks */ = {
			isa = PBXFrameworksBuildPhase;
			buildActionMask = 2147483647;
			files = (
			);
			runOnlyForDeploymentPostprocessing = 0;
		};
		2D18EF6F197B19F900E3E3A2 /* Frameworks */ = {
			isa = PBXFrameworksBuildPhase;
			buildActionMask = 2147483647;
			files = (
			);
			runOnlyForDeploymentPostprocessing = 0;
		};
/* End PBXFrameworksBuildPhase section */

/* Begin PBXGroup section */
		2D18EF57197B19F800E3E3A2 = {
			isa = PBXGroup;
			children = (
				2D18EF62197B19F900E3E3A2 /* Sunspider */,
				2D18EF75197B19F900E3E3A2 /* SunspiderTests */,
				2D18EF61197B19F900E3E3A2 /* Products */,
			);
			sourceTree = "<group>";
		};
		2D18EF61197B19F900E3E3A2 /* Products */ = {
			isa = PBXGroup;
			children = (
				2D18EF60197B19F900E3E3A2 /* Sunspider.app */,
				2D18EF72197B19F900E3E3A2 /* SunspiderTests.xctest */,
			);
			name = Products;
			sourceTree = "<group>";
		};
		2D18EF62197B19F900E3E3A2 /* Sunspider */ = {
			isa = PBXGroup;
			children = (
				2D18EF65197B19F900E3E3A2 /* AppDelegate.swift */,
				2D18EF67197B19F900E3E3A2 /* ViewController.swift */,
				2D18EF69197B19F900E3E3A2 /* Main.storyboard */,
				2D18EF82197B1B5300E3E3A2 /* OldTestViewController.swift */,
				2D18EF84197B1B5D00E3E3A2 /* NewTestViewController.swift */,
				2D18EF6C197B19F900E3E3A2 /* Images.xcassets */,
				2D18EF63197B19F900E3E3A2 /* Supporting Files */,
			);
			path = Sunspider;
			sourceTree = "<group>";
		};
		2D18EF63197B19F900E3E3A2 /* Supporting Files */ = {
			isa = PBXGroup;
			children = (
				2D18EF64197B19F900E3E3A2 /* Info.plist */,
			);
			name = "Supporting Files";
			sourceTree = "<group>";
		};
		2D18EF75197B19F900E3E3A2 /* SunspiderTests */ = {
			isa = PBXGroup;
			children = (
				2D18EF78197B19F900E3E3A2 /* SunspiderTests.swift */,
				2D18EF76197B19F900E3E3A2 /* Supporting Files */,
			);
			path = SunspiderTests;
			sourceTree = "<group>";
		};
		2D18EF76197B19F900E3E3A2 /* Supporting Files */ = {
			isa = PBXGroup;
			children = (
				2D18EF77197B19F900E3E3A2 /* Info.plist */,
			);
			name = "Supporting Files";
			sourceTree = "<group>";
		};
/* End PBXGroup section */

/* Begin PBXNativeTarget section */
		2D18EF5F197B19F900E3E3A2 /* Sunspider */ = {
			isa = PBXNativeTarget;
			buildConfigurationList = 2D18EF7C197B19F900E3E3A2 /* Build configuration list for PBXNativeTarget "Sunspider" */;
			buildPhases = (
				2D18EF5C197B19F900E3E3A2 /* Sources */,
				2D18EF5D197B19F900E3E3A2 /* Frameworks */,
				2D18EF5E197B19F900E3E3A2 /* Resources */,
			);
			buildRules = (
			);
			dependencies = (
			);
			name = Sunspider;
			productName = Sunspider;
			productReference = 2D18EF60197B19F900E3E3A2 /* Sunspider.app */;
			productType = "com.apple.product-type.application";
		};
		2D18EF71197B19F900E3E3A2 /* SunspiderTests */ = {
			isa = PBXNativeTarget;
			buildConfigurationList = 2D18EF7F197B19F900E3E3A2 /* Build configuration list for PBXNativeTarget "SunspiderTests" */;
			buildPhases = (
				2D18EF6E197B19F900E3E3A2 /* Sources */,
				2D18EF6F197B19F900E3E3A2 /* Frameworks */,
				2D18EF70197B19F900E3E3A2 /* Resources */,
			);
			buildRules = (
			);
			dependencies = (
				2D18EF74197B19F900E3E3A2 /* PBXTargetDependency */,
			);
			name = SunspiderTests;
			productName = SunspiderTests;
			productReference = 2D18EF72197B19F900E3E3A2 /* SunspiderTests.xctest */;
			productType = "com.apple.product-type.bundle.unit-test";
		};
/* End PBXNativeTarget section */

/* Begin PBXProject section */
		2D18EF58197B19F800E3E3A2 /* Project object */ = {
			isa = PBXProject;
			attributes = {
				LastUpgradeCheck = 0600;
				ORGANIZATIONNAME = "William LaFrance";
				TargetAttributes = {
					2D18EF5F197B19F900E3E3A2 = {
						CreatedOnToolsVersion = 6.0;
					};
					2D18EF71197B19F900E3E3A2 = {
						CreatedOnToolsVersion = 6.0;
						TestTargetID = 2D18EF5F197B19F900E3E3A2;
					};
				};
			};
			buildConfigurationList = 2D18EF5B197B19F800E3E3A2 /* Build configuration list for PBXProject "Sunspider" */;
			compatibilityVersion = "Xcode 3.2";
			developmentRegion = English;
			hasScannedForEncodings = 0;
			knownRegions = (
				en,
				Base,
			);
			mainGroup = 2D18EF57197B19F800E3E3A2;
			productRefGroup = 2D18EF61197B19F900E3E3A2 /* Products */;
			projectDirPath = "";
			projectRoot = "";
			targets = (
				2D18EF5F197B19F900E3E3A2 /* Sunspider */,
				2D18EF71197B19F900E3E3A2 /* SunspiderTests */,
			);
		};
/* End PBXProject section */

/* Begin PBXResourcesBuildPhase section */
		2D18EF5E197B19F900E3E3A2 /* Resources */ = {
			isa = PBXResourcesBuildPhase;
			buildActionMask = 2147483647;
			files = (
				2D18EF6B197B19F900E3E3A2 /* Main.storyboard in Resources */,
				2D18EF6D197B19F900E3E3A2 /* Images.xcassets in Resources */,
			);
			runOnlyForDeploymentPostprocessing = 0;
		};
		2D18EF70197B19F900E3E3A2 /* Resources */ = {
			isa = PBXResourcesBuildPhase;
			buildActionMask = 2147483647;
			files = (
			);
			runOnlyForDeploymentPostprocessing = 0;
		};
/* End PBXResourcesBuildPhase section */

/* Begin PBXSourcesBuildPhase section */
		2D18EF5C197B19F900E3E3A2 /* Sources */ = {
			isa = PBXSourcesBuildPhase;
			buildActionMask = 2147483647;
			files = (
				2D18EF68197B19F900E3E3A2 /* ViewController.swift in Sources */,
				2D18EF83197B1B5300E3E3A2 /* OldTestViewController.swift in Sources */,
				2D18EF66197B19F900E3E3A2 /* AppDelegate.swift in Sources */,
				2D18EF85197B1B5D00E3E3A2 /* NewTestViewController.swift in Sources */,
			);
			runOnlyForDeploymentPostprocessing = 0;
		};
		2D18EF6E197B19F900E3E3A2 /* Sources */ = {
			isa = PBXSourcesBuildPhase;
			buildActionMask = 2147483647;
			files = (
				2D18EF79197B19F900E3E3A2 /* SunspiderTests.swift in Sources */,
			);
			runOnlyForDeploymentPostprocessing = 0;
		};
/* End PBXSourcesBuildPhase section */

/* Begin PBXTargetDependency section */
		2D18EF74197B19F900E3E3A2 /* PBXTargetDependency */ = {
			isa = PBXTargetDependency;
			target = 2D18EF5F197B19F900E3E3A2 /* Sunspider */;
			targetProxy = 2D18EF73197B19F900E3E3A2 /* PBXContainerItemProxy */;
		};
/* End PBXTargetDependency section */

/* Begin PBXVariantGroup section */
		2D18EF69197B19F900E3E3A2 /* Main.storyboard */ = {
			isa = PBXVariantGroup;
			children = (
				2D18EF6A197B19F900E3E3A2 /* Base */,
			);
			name = Main.storyboard;
			sourceTree = "<group>";
		};
/* End PBXVariantGroup section */

/* Begin XCBuildConfiguration section */
		2D18EF7A197B19F900E3E3A2 /* Debug */ = {
			isa = XCBuildConfiguration;
			buildSettings = {
				ALWAYS_SEARCH_USER_PATHS = NO;
				CLANG_CXX_LANGUAGE_STANDARD = "gnu++0x";
				CLANG_CXX_LIBRARY = "libc++";
				CLANG_ENABLE_MODULES = YES;
				CLANG_ENABLE_OBJC_ARC = YES;
				CLANG_WARN_BOOL_CONVERSION = YES;
				CLANG_WARN_CONSTANT_CONVERSION = YES;
				CLANG_WARN_DIRECT_OBJC_ISA_USAGE = YES_ERROR;
				CLANG_WARN_EMPTY_BODY = YES;
				CLANG_WARN_ENUM_CONVERSION = YES;
				CLANG_WARN_INT_CONVERSION = YES;
				CLANG_WARN_OBJC_ROOT_CLASS = YES_ERROR;
				CLANG_WARN_UNREACHABLE_CODE = YES;
				CLANG_WARN__DUPLICATE_METHOD_MATCH = YES;
				"CODE_SIGN_IDENTITY[sdk=iphoneos*]" = "iPhone Developer";
				COPY_PHASE_STRIP = NO;
				ENABLE_STRICT_OBJC_MSGSEND = YES;
				GCC_C_LANGUAGE_STANDARD = gnu99;
				GCC_DYNAMIC_NO_PIC = NO;
				GCC_OPTIMIZATION_LEVEL = 0;
				GCC_PREPROCESSOR_DEFINITIONS = (
					"DEBUG=1",
					"$(inherited)",
				);
				GCC_SYMBOLS_PRIVATE_EXTERN = NO;
				GCC_WARN_64_TO_32_BIT_CONVERSION = YES;
				GCC_WARN_ABOUT_RETURN_TYPE = YES_ERROR;
				GCC_WARN_UNDECLARED_SELECTOR = YES;
				GCC_WARN_UNINITIALIZED_AUTOS = YES_AGGRESSIVE;
				GCC_WARN_UNUSED_FUNCTION = YES;
				GCC_WARN_UNUSED_VARIABLE = YES;
				IPHONEOS_DEPLOYMENT_TARGET = 8.0;
				MTL_ENABLE_DEBUG_INFO = YES;
				ONLY_ACTIVE_ARCH = YES;
				SDKROOT = iphoneos;
				SWIFT_OPTIMIZATION_LEVEL = "-Onone";
			};
			name = Debug;
		};
		2D18EF7B197B19F900E3E3A2 /* Release */ = {
			isa = XCBuildConfiguration;
			buildSettings = {
				ALWAYS_SEARCH_USER_PATHS = NO;
				CLANG_CXX_LANGUAGE_STANDARD = "gnu++0x";
				CLANG_CXX_LIBRARY = "libc++";
				CLANG_ENABLE_MODULES = YES;
				CLANG_ENABLE_OBJC_ARC = YES;
				CLANG_WARN_BOOL_CONVERSION = YES;
				CLANG_WARN_CONSTANT_CONVERSION = YES;
				CLANG_WARN_DIRECT_OBJC_ISA_USAGE = YES_ERROR;
				CLANG_WARN_EMPTY_BODY = YES;
				CLANG_WARN_ENUM_CONVERSION = YES;
				CLANG_WARN_INT_CONVERSION = YES;
				CLANG_WARN_OBJC_ROOT_CLASS = YES_ERROR;
				CLANG_WARN_UNREACHABLE_CODE = YES;
				CLANG_WARN__DUPLICATE_METHOD_MATCH = YES;
				"CODE_SIGN_IDENTITY[sdk=iphoneos*]" = "iPhone Developer";
				COPY_PHASE_STRIP = YES;
				ENABLE_NS_ASSERTIONS = NO;
				ENABLE_STRICT_OBJC_MSGSEND = YES;
				GCC_C_LANGUAGE_STANDARD = gnu99;
				GCC_WARN_64_TO_32_BIT_CONVERSION = YES;
				GCC_WARN_ABOUT_RETURN_TYPE = YES_ERROR;
				GCC_WARN_UNDECLARED_SELECTOR = YES;
				GCC_WARN_UNINITIALIZED_AUTOS = YES_AGGRESSIVE;
				GCC_WARN_UNUSED_FUNCTION = YES;
				GCC_WARN_UNUSED_VARIABLE = YES;
				IPHONEOS_DEPLOYMENT_TARGET = 8.0;
				MTL_ENABLE_DEBUG_INFO = NO;
				SDKROOT = iphoneos;
				VALIDATE_PRODUCT = YES;
			};
			name = Release;
		};
		2D18EF7D197B19F900E3E3A2 /* Debug */ = {
			isa = XCBuildConfiguration;
			buildSettings = {
				ASSETCATALOG_COMPILER_APPICON_NAME = AppIcon;
				ASSETCATALOG_COMPILER_LAUNCHIMAGE_NAME = LaunchImage;
				INFOPLIST_FILE = Sunspider/Info.plist;
				LD_RUNPATH_SEARCH_PATHS = "$(inherited) @executable_path/Frameworks";
				PRODUCT_NAME = "$(TARGET_NAME)";
			};
			name = Debug;
		};
		2D18EF7E197B19F900E3E3A2 /* Release */ = {
			isa = XCBuildConfiguration;
			buildSettings = {
				ASSETCATALOG_COMPILER_APPICON_NAME = AppIcon;
				ASSETCATALOG_COMPILER_LAUNCHIMAGE_NAME = LaunchImage;
				INFOPLIST_FILE = Sunspider/Info.plist;
				LD_RUNPATH_SEARCH_PATHS = "$(inherited) @executable_path/Frameworks";
				PRODUCT_NAME = "$(TARGET_NAME)";
			};
			name = Release;
		};
		2D18EF80197B19F900E3E3A2 /* Debug */ = {
			isa = XCBuildConfiguration;
			buildSettings = {
				BUNDLE_LOADER = "$(BUILT_PRODUCTS_DIR)/Sunspider.app/Sunspider";
				FRAMEWORK_SEARCH_PATHS = (
					"$(SDKROOT)/Developer/Library/Frameworks",
					"$(inherited)",
				);
				GCC_PREPROCESSOR_DEFINITIONS = (
					"DEBUG=1",
					"$(inherited)",
				);
				INFOPLIST_FILE = SunspiderTests/Info.plist;
				LD_RUNPATH_SEARCH_PATHS = "$(inherited) @executable_path/Frameworks @loader_path/Frameworks";
				PRODUCT_NAME = "$(TARGET_NAME)";
				TEST_HOST = "$(BUNDLE_LOADER)";
			};
			name = Debug;
		};
		2D18EF81197B19F900E3E3A2 /* Release */ = {
			isa = XCBuildConfiguration;
			buildSettings = {
				BUNDLE_LOADER = "$(BUILT_PRODUCTS_DIR)/Sunspider.app/Sunspider";
				FRAMEWORK_SEARCH_PATHS = (
					"$(SDKROOT)/Developer/Library/Frameworks",
					"$(inherited)",
				);
				INFOPLIST_FILE = SunspiderTests/Info.plist;
				LD_RUNPATH_SEARCH_PATHS = "$(inherited) @executable_path/Frameworks @loader_path/Frameworks";
				PRODUCT_NAME = "$(TARGET_NAME)";
				TEST_HOST = "$(BUNDLE_LOADER)";
			};
			name = Release;
		};
/* End XCBuildConfiguration section */

/* Begin XCConfigurationList section */
		2D18EF5B197B19F800E3E3A2 /* Build configuration list for PBXProject "Sunspider" */ = {
			isa = XCConfigurationList;
			buildConfigurations = (
				2D18EF7A197B19F900E3E3A2 /* Debug */,
				2D18EF7B197B19F900E3E3A2 /* Release */,
			);
			defaultConfigurationIsVisible = 0;
			defaultConfigurationName = Release;
		};
		2D18EF7C197B19F900E3E3A2 /* Build configuration list for PBXNativeTarget "Sunspider" */ = {
			isa = XCConfigurationList;
			buildConfigurations = (
				2D18EF7D197B19F900E3E3A2 /* Debug */,
				2D18EF7E197B19F900E3E3A2 /* Release */,
			);
			defaultConfigurationIsVisible = 0;
			defaultConfigurationName = Release;
		};
		2D18EF7F197B19F900E3E3A2 /* Build configuration list for PBXNativeTarget "SunspiderTests" */ = {
			isa = XCConfigurationList;
			buildConfigurations = (
				2D18EF80197B19F900E3E3A2 /* Debug */,
				2D18EF81197B19F900E3E3A2 /* Release */,
			);
			defaultConfigurationIsVisible = 0;
			defaultConfigurationName = Release;
		};
/* End XCConfigurationList section */
	};
	rootObject = 2D18EF58197B19F800E3E3A2 /* Project object */;
}
